<?xml version="1.0" encoding="utf-8"?>
<Project ToolsVersion="4.0" xmlns="http://schemas.microsoft.com/developer/msbuild/2003">
  <ItemGroup>
    <Filter Include="Source Files">
      <UniqueIdentifier>{4FC737F1-C7A5-4376-A066-2A32D752A2FF}</UniqueIdentifier>
      <Extensions>cpp;c;cc;cxx;c++;cppm;ixx;def;odl;idl;hpj;bat;asm;asmx</Extensions>
    </Filter>
    <Filter Include="Source Files\Network">
      <UniqueIdentifier>{bd7e8630-84c8-4205-a93e-3b3a28d09d63}</UniqueIdentifier>
    </Filter>
    <Filter Include="Source Files\Implementation">
      <UniqueIdentifier>{71201c7f-084a-4a84-8d10-97f9e4e43261}</UniqueIdentifier>
    </Filter>
    <Filter Include="Source Files\Utils">
      <UniqueIdentifier>{55f1aa5b-7306-40cf-9b0b-08ffa77f86d8}</UniqueIdentifier>
    </Filter>
    <Filter Include="Source Files\Global">
      <UniqueIdentifier>{912b5c65-4817-4450-a8b6-aaf4b1ea58b8}</UniqueIdentifier>
    </Filter>
  </ItemGroup>
  <ItemGroup>
    <ClCompile Include="Network\IocpCore.cpp">
      <Filter>Source Files\Network</Filter>
    </ClCompile>
    <ClCompile Include="Network\IocpEvent.cpp">
      <Filter>Source Files\Network</Filter>
    </ClCompile>
    <ClCompile Include="Network\BaseSocketServer.cpp">
      <Filter>Source Files\Network</Filter>
    </ClCompile>
    <ClCompile Include="Network\NetAddress.cpp">
      <Filter>Source Files\Network</Filter>
    </ClCompile>
    <ClCompile Include="Network\RecvBuffer.cpp">
      <Filter>Source Files\Network</Filter>
    </ClCompile>
    <ClCompile Include="Network\SendBuffer.cpp">
      <Filter>Source Files\Network</Filter>
    </ClCompile>
    <ClCompile Include="Network\Session.cpp">
      <Filter>Source Files\Network</Filter>
    </ClCompile>
    <ClCompile Include="Network\SocketUtils.cpp">
      <Filter>Source Files\Network</Filter>
    </ClCompile>
    <ClCompile Include="main.cpp">
      <Filter>Source Files</Filter>
    </ClCompile>
    <ClCompile Include="SharedMutexGuard.cpp">
      <Filter>Source Files\Utils</Filter>
    </ClCompile>
    <ClCompile Include="SocketServer.cpp">
      <Filter>Source Files\Implementation</Filter>
    </ClCompile>
    <ClCompile Include="ClientSession.cpp">
      <Filter>Source Files\Implementation</Filter>
    </ClCompile>
  </ItemGroup>
  <ItemGroup>
    <ClInclude Include="Network\IocpCore.h">
      <Filter>Source Files\Network</Filter>
    </ClInclude>
    <ClInclude Include="Network\IocpEvent.h">
      <Filter>Source Files\Network</Filter>
    </ClInclude>
    <ClInclude Include="Network\BaseSocketServer.h">
      <Filter>Source Files\Network</Filter>
    </ClInclude>
    <ClInclude Include="Network\NetAddress.h">
      <Filter>Source Files\Network</Filter>
    </ClInclude>
    <ClInclude Include="Network\RecvBuffer.h">
      <Filter>Source Files\Network</Filter>
    </ClInclude>
    <ClInclude Include="Network\SendBuffer.h">
      <Filter>Source Files\Network</Filter>
    </ClInclude>
    <ClInclude Include="Network\Session.h">
      <Filter>Source Files\Network</Filter>
    </ClInclude>
    <ClInclude Include="Network\SocketUtils.h">
      <Filter>Source Files\Network</Filter>
    </ClInclude>
    <ClInclude Include="SharedMutexGuard.h">
      <Filter>Source Files\Utils</Filter>
    </ClInclude>
    <ClInclude Include="SocketServer.h">
      <Filter>Source Files\Implementation</Filter>
    </ClInclude>
    <ClInclude Include="ClientSession.h">
      <Filter>Source Files\Implementation</Filter>
    </ClInclude>
    <ClInclude Include="Global.h">
      <Filter>Source Files\Global</Filter>
    </ClInclude>
    <ClInclude Include="GlobalMacro.h">
      <Filter>Source Files\Global</Filter>
    </ClInclude>
    <ClInclude Include="GlobalTypes.h">
      <Filter>Source Files\Global</Filter>
    </ClInclude>
    <ClInclude Include="Network\Global.h">
      <Filter>Source Files\Network</Filter>
    </ClInclude>
  </ItemGroup>
</Project>